
Microsoft Visual Studio Solution File, Format Version 12.00
# Visual Studio Version 16
VisualStudioVersion = 16.0.29418.71
MinimumVisualStudioVersion = 10.0.40219.1
Project("{FAE04EC0-301F-11D3-BF4B-00C04F79EFBC}") = "QuickBuy.Dominio", "QuickBuy.Dominio\QuickBuy.Dominio.csproj", "{FA253339-459B-473E-8B8C-AF4CFB613B69}"
EndProject
Project("{FAE04EC0-301F-11D3-BF4B-00C04F79EFBC}") = "QuickBuy.Repositorio", "QuickBuy.Repositorio\QuickBuy.Repositorio.csproj", "{65717664-EBD5-4366-A457-BA5453692100}"
EndProject
Project("{FAE04EC0-301F-11D3-BF4B-00C04F79EFBC}") = "QuickBuy.Web", "QuickBuy.Web\QuickBuy.Web.csproj", "{3243518F-D074-443C-8C7D-A4B272C5377E}"
EndProject
Global
	GlobalSection(SolutionConfigurationPlatforms) = preSolution
		Debug|Any CPU = Debug|Any CPU
		Release|Any CPU = Release|Any CPU
	EndGlobalSection
	GlobalSection(ProjectConfigurationPlatforms) = postSolution
		{FA253339-459B-473E-8B8C-AF4CFB613B69}.Debug|Any CPU.ActiveCfg = Debug|Any CPU
		{FA253339-459B-473E-8B8C-AF4CFB613B69}.Debug|Any CPU.Build.0 = Debug|Any CPU
		{FA253339-459B-473E-8B8C-AF4CFB613B69}.Release|Any CPU.ActiveCfg = Release|Any CPU
		{FA253339-459B-473E-8B8C-AF4CFB613B69}.Release|Any CPU.Build.0 = Release|Any CPU
		{65717664-EBD5-4366-A457-BA5453692100}.Debug|Any CPU.ActiveCfg = Debug|Any CPU
		{65717664-EBD5-4366-A457-BA5453692100}.Debug|Any CPU.Build.0 = Debug|Any CPU
		{65717664-EBD5-4366-A457-BA5453692100}.Release|Any CPU.ActiveCfg = Release|Any CPU
		{65717664-EBD5-4366-A457-BA5453692100}.Release|Any CPU.Build.0 = Release|Any CPU
		{3243518F-D074-443C-8C7D-A4B272C5377E}.Debug|Any CPU.ActiveCfg = Debug|Any CPU
		{3243518F-D074-443C-8C7D-A4B272C5377E}.Debug|Any CPU.Build.0 = Debug|Any CPU
		{3243518F-D074-443C-8C7D-A4B272C5377E}.Release|Any CPU.ActiveCfg = Release|Any CPU
		{3243518F-D074-443C-8C7D-A4B272C5377E}.Release|Any CPU.Build.0 = Release|Any CPU
	EndGlobalSection
	GlobalSection(SolutionProperties) = preSolution
		HideSolutionNode = FALSE
	EndGlobalSection
	GlobalSection(ExtensibilityGlobals) = postSolution
		SolutionGuid = {A24FA283-AF5B-4E60-9EA1-DDAD2087A7ED}
	EndGlobalSection
EndGlobal
